
Microsoft Visual Studio Solution File, Format Version 12.00
# Visual Studio 2017
Project("{FAE04EC0-301F-11D3-BF4B-00C04F79EFBC}") = "2 - Setup Camera", "2 - Setup Camera.csproj", "{1987520E-6314-10F2-06CC-44086CB85558}"
EndProject
Global
	GlobalSection(SolutionConfigurationPlatforms) = preSolution
		Debug|Any CPU = Debug|Any CPU
		Release|Any CPU = Release|Any CPU
	EndGlobalSection
	GlobalSection(ProjectConfigurationPlatforms) = postSolution
		{1987520E-6314-10F2-06CC-44086CB85558}.Debug|Any CPU.ActiveCfg = Debug|Any CPU
		{1987520E-6314-10F2-06CC-44086CB85558}.Debug|Any CPU.Build.0 = Debug|Any CPU
		{1987520E-6314-10F2-06CC-44086CB85558}.Release|Any CPU.ActiveCfg = Release|Any CPU
		{1987520E-6314-10F2-06CC-44086CB85558}.Release|Any CPU.Build.0 = Release|Any CPU
	EndGlobalSection
	GlobalSection(SolutionProperties) = preSolution
		HideSolutionNode = FALSE
	EndGlobalSection
EndGlobal
