
Microsoft Visual Studio Solution File, Format Version 12.00
# Visual Studio 2017
Project("{FAE04EC0-301F-11D3-BF4B-00C04F79EFBC}") = "Tanks - Lesson 1 - Add Tank Movement", "Tanks - Lesson 1 - Add Tank Movement.csproj", "{9FA31A54-031C-502E-30B6-797E68C44874}"
EndProject
Project("{FAE04EC0-301F-11D3-BF4B-00C04F79EFBC}") = "Tanks - Lesson 1 - Add Tank Movement.Editor", "Tanks - Lesson 1 - Add Tank Movement.Editor.csproj", "{55243F02-7802-86AC-037C-0069F46462D7}"
EndProject
Global
	GlobalSection(SolutionConfigurationPlatforms) = preSolution
		Debug|Any CPU = Debug|Any CPU
		Release|Any CPU = Release|Any CPU
	EndGlobalSection
	GlobalSection(ProjectConfigurationPlatforms) = postSolution
		{9FA31A54-031C-502E-30B6-797E68C44874}.Debug|Any CPU.ActiveCfg = Debug|Any CPU
		{9FA31A54-031C-502E-30B6-797E68C44874}.Debug|Any CPU.Build.0 = Debug|Any CPU
		{9FA31A54-031C-502E-30B6-797E68C44874}.Release|Any CPU.ActiveCfg = Release|Any CPU
		{9FA31A54-031C-502E-30B6-797E68C44874}.Release|Any CPU.Build.0 = Release|Any CPU
		{55243F02-7802-86AC-037C-0069F46462D7}.Debug|Any CPU.ActiveCfg = Debug|Any CPU
		{55243F02-7802-86AC-037C-0069F46462D7}.Debug|Any CPU.Build.0 = Debug|Any CPU
		{55243F02-7802-86AC-037C-0069F46462D7}.Release|Any CPU.ActiveCfg = Release|Any CPU
		{55243F02-7802-86AC-037C-0069F46462D7}.Release|Any CPU.Build.0 = Release|Any CPU
	EndGlobalSection
	GlobalSection(SolutionProperties) = preSolution
		HideSolutionNode = FALSE
	EndGlobalSection
EndGlobal
