
Microsoft Visual Studio Solution File, Format Version 12.00
# Visual Studio 2017
Project("{FAE04EC0-301F-11D3-BF4B-00C04F79EFBC}") = "Lander - Final Project - Copy", "Lander - Final Project - Copy.csproj", "{9E1C574F-87C9-06B1-4548-96572AB52297}"
EndProject
Global
	GlobalSection(SolutionConfigurationPlatforms) = preSolution
		Debug|Any CPU = Debug|Any CPU
		Release|Any CPU = Release|Any CPU
	EndGlobalSection
	GlobalSection(ProjectConfigurationPlatforms) = postSolution
		{9E1C574F-87C9-06B1-4548-96572AB52297}.Debug|Any CPU.ActiveCfg = Debug|Any CPU
		{9E1C574F-87C9-06B1-4548-96572AB52297}.Debug|Any CPU.Build.0 = Debug|Any CPU
		{9E1C574F-87C9-06B1-4548-96572AB52297}.Release|Any CPU.ActiveCfg = Release|Any CPU
		{9E1C574F-87C9-06B1-4548-96572AB52297}.Release|Any CPU.Build.0 = Release|Any CPU
	EndGlobalSection
	GlobalSection(SolutionProperties) = preSolution
		HideSolutionNode = FALSE
	EndGlobalSection
EndGlobal
